// !$*UTF8*$!
{
	archiveVersion = 1;
	classes = {
	};
	objectVersion = 56;
	objects = {

/* Begin PBXBuildFile section */
		1A1A1A1A1A1A1A1A1A1A1A1A /* BreakoutApp.swift in Sources */ = {isa = PBXBuildFile; fileRef = 1A1A1A1A1A1A1A1A1A1A1A19 /* BreakoutApp.swift */; };
		1A1A1A1A1A1A1A1A1A1A1A1C /* ContentView.swift in Sources */ = {isa = PBXBuildFile; fileRef = 1A1A1A1A1A1A1A1A1A1A1A1B /* ContentView.swift */; };
		1A1A1A1A1A1A1A1A1A1A1A1E /* GameState.swift in Sources */ = {isa = PBXBuildFile; fileRef = 1A1A1A1A1A1A1A1A1A1A1A1D /* GameState.swift */; };
		1A1A1A1A1A1A1A1A1A1A1A20 /* GameView.swift in Sources */ = {isa = PBXBuildFile; fileRef = 1A1A1A1A1A1A1A1A1A1A1A1F /* GameView.swift */; };
		B15C261F2DCDAE7D00E731C9 /* level_up.wav in Resources */ = {isa = PBXBuildFile; fileRef = B15C261A2DCDAE7D00E731C9 /* level_up.wav */; };
		B15C26202DCDAE7D00E731C9 /* laser.wav in Resources */ = {isa = PBXBuildFile; fileRef = B15C26192DCDAE7D00E731C9 /* laser.wav */; };
		B15C26212DCDAE7D00E731C9 /* game_over.wav in Resources */ = {isa = PBXBuildFile; fileRef = B15C26182DCDAE7D00E731C9 /* game_over.wav */; };
		B15C26222DCDAE7D00E731C9 /* paddle_hit.wav in Resources */ = {isa = PBXBuildFile; fileRef = B15C261B2DCDAE7D00E731C9 /* paddle_hit.wav */; };
		B15C26232DCDAE7D00E731C9 /* combo.wav in Resources */ = {isa = PBXBuildFile; fileRef = B15C26172DCDAE7D00E731C9 /* combo.wav */; };
		B15C26242DCDAE7D00E731C9 /* ball_launch.wav in Resources */ = {isa = PBXBuildFile; fileRef = B15C26152DCDAE7D00E731C9 /* ball_launch.wav */; };
		B15C26252DCDAE7D00E731C9 /* block_break.wav in Resources */ = {isa = PBXBuildFile; fileRef = B15C26162DCDAE7D00E731C9 /* block_break.wav */; };
		B15C26262DCDAE7D00E731C9 /* SoundManager.swift in Sources */ = {isa = PBXBuildFile; fileRef = B15C261E2DCDAE7D00E731C9 /* SoundManager.swift */; };
		B1FB20C02DCF0DA3004E78B8 /* GameHints.plist in Resources */ = {isa = PBXBuildFile; fileRef = B1FB20BF2DCF0DA3004E78B8 /* GameHints.plist */; };
		B1FB20C82DCF1BA5004E78B8 /* Paddle.swift in Sources */ = {isa = PBXBuildFile; fileRef = B1FB20C72DCF1BA5004E78B8 /* Paddle.swift */; };
		B1FB20C92DCF1BA5004E78B8 /* Ball.swift in Sources */ = {isa = PBXBuildFile; fileRef = B1FB20C12DCF1BA5004E78B8 /* Ball.swift */; };
		B1FB20CA2DCF1BA5004E78B8 /* Block.swift in Sources */ = {isa = PBXBuildFile; fileRef = B1FB20C32DCF1BA5004E78B8 /* Block.swift */; };
		B1FB20CB2DCF1BA5004E78B8 /* Laser.swift in Sources */ = {isa = PBXBuildFile; fileRef = B1FB20C62DCF1BA5004E78B8 /* Laser.swift */; };
		B1FB20CC2DCF1BA5004E78B8 /* GameHint.swift in Sources */ = {isa = PBXBuildFile; fileRef = B1FB20C52DCF1BA5004E78B8 /* GameHint.swift */; };
		B1FB20CD2DCF1BA5004E78B8 /* BallShape.swift in Sources */ = {isa = PBXBuildFile; fileRef = B1FB20C22DCF1BA5004E78B8 /* BallShape.swift */; };
		B1FB20CE2DCF1BA5004E78B8 /* DummySoundManager.swift in Sources */ = {isa = PBXBuildFile; fileRef = B1FB20C42DCF1BA5004E78B8 /* DummySoundManager.swift */; };
		B1FB20E62DCF2B1C004E78B8 /* GameHintView.swift in Sources */ = {isa = PBXBuildFile; fileRef = B1FB20D82DCF2B1C004E78B8 /* GameHintView.swift */; };
		B1FB20E72DCF2B1C004E78B8 /* PaddleView.swift in Sources */ = {isa = PBXBuildFile; fileRef = B1FB20DF2DCF2B1C004E78B8 /* PaddleView.swift */; };
		B1FB20E82DCF2B1C004E78B8 /* BallReviveCountdownView.swift in Sources */ = {isa = PBXBuildFile; fileRef = B1FB20D12DCF2B1C004E78B8 /* BallReviveCountdownView.swift */; };
		B1FB20E92DCF2B1C004E78B8 /* BlockReplenishCountdownView.swift in Sources */ = {isa = PBXBuildFile; fileRef = B1FB20D52DCF2B1C004E78B8 /* BlockReplenishCountdownView.swift */; };
		B1FB20EA2DCF2B1C004E78B8 /* LaserView.swift in Sources */ = {isa = PBXBuildFile; fileRef = B1FB20DC2DCF2B1C004E78B8 /* LaserView.swift */; };
		B1FB20EB2DCF2B1C004E78B8 /* BallShapeIconView.swift in Sources */ = {isa = PBXBuildFile; fileRef = B1FB20D22DCF2B1C004E78B8 /* BallShapeIconView.swift */; };
		B1FB20EC2DCF2B1C004E78B8 /* StartMessageView.swift in Sources */ = {isa = PBXBuildFile; fileRef = B1FB20E42DCF2B1C004E78B8 /* StartMessageView.swift */; };
		B1FB20ED2DCF2B1C004E78B8 /* TrailShapeView.swift in Sources */ = {isa = PBXBuildFile; fileRef = B1FB20E52DCF2B1C004E78B8 /* TrailShapeView.swift */; };
		B1FB20EE2DCF2B1C004E78B8 /* GameContentView.swift in Sources */ = {isa = PBXBuildFile; fileRef = B1FB20D72DCF2B1C004E78B8 /* GameContentView.swift */; };
		B1FB20EF2DCF2B1C004E78B8 /* StarComboEffectView.swift in Sources */ = {isa = PBXBuildFile; fileRef = B1FB20E22DCF2B1C004E78B8 /* StarComboEffectView.swift */; };
		B1FB20F02DCF2B1C004E78B8 /* GameOverView.swift in Sources */ = {isa = PBXBuildFile; fileRef = B1FB20DA2DCF2B1C004E78B8 /* GameOverView.swift */; };
		B1FB20F12DCF2B1C004E78B8 /* PaddleHitEffectView.swift in Sources */ = {isa = PBXBuildFile; fileRef = B1FB20DE2DCF2B1C004E78B8 /* PaddleHitEffectView.swift */; };
		B1FB20F22DCF2B1C004E78B8 /* ScreenFlashView.swift in Sources */ = {isa = PBXBuildFile; fileRef = B1FB20E02DCF2B1C004E78B8 /* ScreenFlashView.swift */; };
		B1FB20F32DCF2B1C004E78B8 /* BallShapeView.swift in Sources */ = {isa = PBXBuildFile; fileRef = B1FB20D32DCF2B1C004E78B8 /* BallShapeView.swift */; };
		B1FB20F42DCF2B1C004E78B8 /* StarEffectView.swift in Sources */ = {isa = PBXBuildFile; fileRef = B1FB20E32DCF2B1C004E78B8 /* StarEffectView.swift */; };
		B1FB20F52DCF2B1C004E78B8 /* BlockView.swift in Sources */ = {isa = PBXBuildFile; fileRef = B1FB20D62DCF2B1C004E78B8 /* BlockView.swift */; };
		B1FB20F62DCF2B1C004E78B8 /* Star.swift in Sources */ = {isa = PBXBuildFile; fileRef = B1FB20E12DCF2B1C004E78B8 /* Star.swift */; };
		B1FB20F72DCF2B1C004E78B8 /* GameInfoView.swift in Sources */ = {isa = PBXBuildFile; fileRef = B1FB20D92DCF2B1C004E78B8 /* GameInfoView.swift */; };
		B1FB20F82DCF2B1C004E78B8 /* LaserHitMessageView.swift in Sources */ = {isa = PBXBuildFile; fileRef = B1FB20DB2DCF2B1C004E78B8 /* LaserHitMessageView.swift */; };
		B1FB20F92DCF2B1C004E78B8 /* LevelUpMessageView.swift in Sources */ = {isa = PBXBuildFile; fileRef = B1FB20DD2DCF2B1C004E78B8 /* LevelUpMessageView.swift */; };
		B1FB20FA2DCF2B1C004E78B8 /* AllBallsLostMessageView.swift in Sources */ = {isa = PBXBuildFile; fileRef = B1FB20CF2DCF2B1C004E78B8 /* AllBallsLostMessageView.swift */; };
		B1FB20FB2DCF2B1C004E78B8 /* BallReviveCountdownsView.swift in Sources */ = {isa = PBXBuildFile; fileRef = B1FB20D02DCF2B1C004E78B8 /* BallReviveCountdownsView.swift */; };
		B1FB20FC2DCF2B1C004E78B8 /* BallView.swift in Sources */ = {isa = PBXBuildFile; fileRef = B1FB20D42DCF2B1C004E78B8 /* BallView.swift */; };
		B1FB20FE2DCF2B57004E78B8 /* SparkEffectView.swift in Sources */ = {isa = PBXBuildFile; fileRef = B1FB20FD2DCF2B57004E78B8 /* SparkEffectView.swift */; };
		B1FB21002DCF33DE004E78B8 /* AppDelegate.swift in Sources */ = {isa = PBXBuildFile; fileRef = B1FB20FF2DCF33DE004E78B8 /* AppDelegate.swift */; };
		B1FB21042DCF4DA6004E78B8 /* Assets.xcassets in Resources */ = {isa = PBXBuildFile; fileRef = B1FB21032DCF4DA6004E78B8 /* Assets.xcassets */; };
/* End PBXBuildFile section */

/* Begin PBXFileReference section */
		1A1A1A1A1A1A1A1A1A1A1A18 /* Breakout.app */ = {isa = PBXFileReference; explicitFileType = wrapper.application; includeInIndex = 0; path = Breakout.app; sourceTree = BUILT_PRODUCTS_DIR; };
		1A1A1A1A1A1A1A1A1A1A1A19 /* BreakoutApp.swift */ = {isa = PBXFileReference; lastKnownFileType = sourcecode.swift; path = BreakoutApp.swift; sourceTree = "<group>"; };
		1A1A1A1A1A1A1A1A1A1A1A1B /* ContentView.swift */ = {isa = PBXFileReference; lastKnownFileType = sourcecode.swift; path = ContentView.swift; sourceTree = "<group>"; };
		1A1A1A1A1A1A1A1A1A1A1A1D /* GameState.swift */ = {isa = PBXFileReference; lastKnownFileType = sourcecode.swift; path = GameState.swift; sourceTree = "<group>"; };
		1A1A1A1A1A1A1A1A1A1A1A1F /* GameView.swift */ = {isa = PBXFileReference; lastKnownFileType = sourcecode.swift; path = GameView.swift; sourceTree = "<group>"; };
		B15C26152DCDAE7D00E731C9 /* ball_launch.wav */ = {isa = PBXFileReference; lastKnownFileType = audio.wav; path = ball_launch.wav; sourceTree = "<group>"; };
		B15C26162DCDAE7D00E731C9 /* block_break.wav */ = {isa = PBXFileReference; lastKnownFileType = audio.wav; path = block_break.wav; sourceTree = "<group>"; };
		B15C26172DCDAE7D00E731C9 /* combo.wav */ = {isa = PBXFileReference; lastKnownFileType = audio.wav; path = combo.wav; sourceTree = "<group>"; };
		B15C26182DCDAE7D00E731C9 /* game_over.wav */ = {isa = PBXFileReference; lastKnownFileType = audio.wav; path = game_over.wav; sourceTree = "<group>"; };
		B15C26192DCDAE7D00E731C9 /* laser.wav */ = {isa = PBXFileReference; lastKnownFileType = audio.wav; path = laser.wav; sourceTree = "<group>"; };
		B15C261A2DCDAE7D00E731C9 /* level_up.wav */ = {isa = PBXFileReference; lastKnownFileType = audio.wav; path = level_up.wav; sourceTree = "<group>"; };
		B15C261B2DCDAE7D00E731C9 /* paddle_hit.wav */ = {isa = PBXFileReference; lastKnownFileType = audio.wav; path = paddle_hit.wav; sourceTree = "<group>"; };
		B15C261E2DCDAE7D00E731C9 /* SoundManager.swift */ = {isa = PBXFileReference; lastKnownFileType = sourcecode.swift; path = SoundManager.swift; sourceTree = "<group>"; };
		B1FB20BE2DCF00A7004E78B8 /* Breakout.entitlements */ = {isa = PBXFileReference; lastKnownFileType = text.plist.entitlements; path = Breakout.entitlements; sourceTree = "<group>"; };
		B1FB20BF2DCF0DA3004E78B8 /* GameHints.plist */ = {isa = PBXFileReference; lastKnownFileType = text.plist.xml; path = GameHints.plist; sourceTree = "<group>"; };
		B1FB20C12DCF1BA5004E78B8 /* Ball.swift */ = {isa = PBXFileReference; lastKnownFileType = sourcecode.swift; path = Ball.swift; sourceTree = "<group>"; };
		B1FB20C22DCF1BA5004E78B8 /* BallShape.swift */ = {isa = PBXFileReference; lastKnownFileType = sourcecode.swift; path = BallShape.swift; sourceTree = "<group>"; };
		B1FB20C32DCF1BA5004E78B8 /* Block.swift */ = {isa = PBXFileReference; lastKnownFileType = sourcecode.swift; path = Block.swift; sourceTree = "<group>"; };
		B1FB20C42DCF1BA5004E78B8 /* DummySoundManager.swift */ = {isa = PBXFileReference; lastKnownFileType = sourcecode.swift; path = DummySoundManager.swift; sourceTree = "<group>"; };
		B1FB20C52DCF1BA5004E78B8 /* GameHint.swift */ = {isa = PBXFileReference; lastKnownFileType = sourcecode.swift; path = GameHint.swift; sourceTree = "<group>"; };
		B1FB20C62DCF1BA5004E78B8 /* Laser.swift */ = {isa = PBXFileReference; lastKnownFileType = sourcecode.swift; path = Laser.swift; sourceTree = "<group>"; };
		B1FB20C72DCF1BA5004E78B8 /* Paddle.swift */ = {isa = PBXFileReference; lastKnownFileType = sourcecode.swift; path = Paddle.swift; sourceTree = "<group>"; };
		B1FB20CF2DCF2B1C004E78B8 /* AllBallsLostMessageView.swift */ = {isa = PBXFileReference; lastKnownFileType = sourcecode.swift; path = AllBallsLostMessageView.swift; sourceTree = "<group>"; };
		B1FB20D02DCF2B1C004E78B8 /* BallReviveCountdownsView.swift */ = {isa = PBXFileReference; lastKnownFileType = sourcecode.swift; path = BallReviveCountdownsView.swift; sourceTree = "<group>"; };
		B1FB20D12DCF2B1C004E78B8 /* BallReviveCountdownView.swift */ = {isa = PBXFileReference; lastKnownFileType = sourcecode.swift; path = BallReviveCountdownView.swift; sourceTree = "<group>"; };
		B1FB20D22DCF2B1C004E78B8 /* BallShapeIconView.swift */ = {isa = PBXFileReference; lastKnownFileType = sourcecode.swift; path = BallShapeIconView.swift; sourceTree = "<group>"; };
		B1FB20D32DCF2B1C004E78B8 /* BallShapeView.swift */ = {isa = PBXFileReference; lastKnownFileType = sourcecode.swift; path = BallShapeView.swift; sourceTree = "<group>"; };
		B1FB20D42DCF2B1C004E78B8 /* BallView.swift */ = {isa = PBXFileReference; lastKnownFileType = sourcecode.swift; path = BallView.swift; sourceTree = "<group>"; };
		B1FB20D52DCF2B1C004E78B8 /* BlockReplenishCountdownView.swift */ = {isa = PBXFileReference; lastKnownFileType = sourcecode.swift; path = BlockReplenishCountdownView.swift; sourceTree = "<group>"; };
		B1FB20D62DCF2B1C004E78B8 /* BlockView.swift */ = {isa = PBXFileReference; lastKnownFileType = sourcecode.swift; path = BlockView.swift; sourceTree = "<group>"; };
		B1FB20D72DCF2B1C004E78B8 /* GameContentView.swift */ = {isa = PBXFileReference; lastKnownFileType = sourcecode.swift; path = GameContentView.swift; sourceTree = "<group>"; };
		B1FB20D82DCF2B1C004E78B8 /* GameHintView.swift */ = {isa = PBXFileReference; lastKnownFileType = sourcecode.swift; path = GameHintView.swift; sourceTree = "<group>"; };
		B1FB20D92DCF2B1C004E78B8 /* GameInfoView.swift */ = {isa = PBXFileReference; lastKnownFileType = sourcecode.swift; path = GameInfoView.swift; sourceTree = "<group>"; };
		B1FB20DA2DCF2B1C004E78B8 /* GameOverView.swift */ = {isa = PBXFileReference; lastKnownFileType = sourcecode.swift; path = GameOverView.swift; sourceTree = "<group>"; };
		B1FB20DB2DCF2B1C004E78B8 /* LaserHitMessageView.swift */ = {isa = PBXFileReference; lastKnownFileType = sourcecode.swift; path = LaserHitMessageView.swift; sourceTree = "<group>"; };
		B1FB20DC2DCF2B1C004E78B8 /* LaserView.swift */ = {isa = PBXFileReference; lastKnownFileType = sourcecode.swift; path = LaserView.swift; sourceTree = "<group>"; };
		B1FB20DD2DCF2B1C004E78B8 /* LevelUpMessageView.swift */ = {isa = PBXFileReference; lastKnownFileType = sourcecode.swift; path = LevelUpMessageView.swift; sourceTree = "<group>"; };
		B1FB20DE2DCF2B1C004E78B8 /* PaddleHitEffectView.swift */ = {isa = PBXFileReference; lastKnownFileType = sourcecode.swift; path = PaddleHitEffectView.swift; sourceTree = "<group>"; };
		B1FB20DF2DCF2B1C004E78B8 /* PaddleView.swift */ = {isa = PBXFileReference; lastKnownFileType = sourcecode.swift; path = PaddleView.swift; sourceTree = "<group>"; };
		B1FB20E02DCF2B1C004E78B8 /* ScreenFlashView.swift */ = {isa = PBXFileReference; lastKnownFileType = sourcecode.swift; path = ScreenFlashView.swift; sourceTree = "<group>"; };
		B1FB20E12DCF2B1C004E78B8 /* Star.swift */ = {isa = PBXFileReference; lastKnownFileType = sourcecode.swift; path = Star.swift; sourceTree = "<group>"; };
		B1FB20E22DCF2B1C004E78B8 /* StarComboEffectView.swift */ = {isa = PBXFileReference; lastKnownFileType = sourcecode.swift; path = StarComboEffectView.swift; sourceTree = "<group>"; };
		B1FB20E32DCF2B1C004E78B8 /* StarEffectView.swift */ = {isa = PBXFileReference; lastKnownFileType = sourcecode.swift; path = StarEffectView.swift; sourceTree = "<group>"; };
		B1FB20E42DCF2B1C004E78B8 /* StartMessageView.swift */ = {isa = PBXFileReference; lastKnownFileType = sourcecode.swift; path = StartMessageView.swift; sourceTree = "<group>"; };
		B1FB20E52DCF2B1C004E78B8 /* TrailShapeView.swift */ = {isa = PBXFileReference; lastKnownFileType = sourcecode.swift; path = TrailShapeView.swift; sourceTree = "<group>"; };
		B1FB20FD2DCF2B57004E78B8 /* SparkEffectView.swift */ = {isa = PBXFileReference; lastKnownFileType = sourcecode.swift; path = SparkEffectView.swift; sourceTree = "<group>"; };
		B1FB20FF2DCF33DE004E78B8 /* AppDelegate.swift */ = {isa = PBXFileReference; lastKnownFileType = sourcecode.swift; path = AppDelegate.swift; sourceTree = "<group>"; };
		B1FB21032DCF4DA6004E78B8 /* Assets.xcassets */ = {isa = PBXFileReference; lastKnownFileType = folder.assetcatalog; path = Assets.xcassets; sourceTree = "<group>"; };
		B1FB21052DCF4F05004E78B8 /* Info.plist */ = {isa = PBXFileReference; lastKnownFileType = text.plist.xml; path = Info.plist; sourceTree = "<group>"; };
/* End PBXFileReference section */

/* Begin PBXFrameworksBuildPhase section */
		1A1A1A1A1A1A1A1A1A1A1A15 /* Frameworks */ = {
			isa = PBXFrameworksBuildPhase;
			buildActionMask = 2147483647;
			files = (
			);
			runOnlyForDeploymentPostprocessing = 0;
		};
/* End PBXFrameworksBuildPhase section */

/* Begin PBXGroup section */
		1A1A1A1A1A1A1A1A1A1A1A0F = {
			isa = PBXGroup;
			children = (
				1A1A1A1A1A1A1A1A1A1A1A17 /* Products */,
				1A1A1A1A1A1A1A1A1A1A1A21 /* Breakout */,
			);
			sourceTree = "<group>";
		};
		1A1A1A1A1A1A1A1A1A1A1A17 /* Products */ = {
			isa = PBXGroup;
			children = (
				1A1A1A1A1A1A1A1A1A1A1A18 /* Breakout.app */,
			);
			name = Products;
			sourceTree = "<group>";
		};
		1A1A1A1A1A1A1A1A1A1A1A21 /* Breakout */ = {
			isa = PBXGroup;
			children = (
				B1FB21052DCF4F05004E78B8 /* Info.plist */,
				B1FB21032DCF4DA6004E78B8 /* Assets.xcassets */,
				B1FB20FF2DCF33DE004E78B8 /* AppDelegate.swift */,
				B1FB20FD2DCF2B57004E78B8 /* SparkEffectView.swift */,
				B1FB20CF2DCF2B1C004E78B8 /* AllBallsLostMessageView.swift */,
				B1FB20D02DCF2B1C004E78B8 /* BallReviveCountdownsView.swift */,
				B1FB20D12DCF2B1C004E78B8 /* BallReviveCountdownView.swift */,
				B1FB20D22DCF2B1C004E78B8 /* BallShapeIconView.swift */,
				B1FB20D32DCF2B1C004E78B8 /* BallShapeView.swift */,
				B1FB20D42DCF2B1C004E78B8 /* BallView.swift */,
				B1FB20D52DCF2B1C004E78B8 /* BlockReplenishCountdownView.swift */,
				B1FB20D62DCF2B1C004E78B8 /* BlockView.swift */,
				B1FB20D72DCF2B1C004E78B8 /* GameContentView.swift */,
				B1FB20D82DCF2B1C004E78B8 /* GameHintView.swift */,
				B1FB20D92DCF2B1C004E78B8 /* GameInfoView.swift */,
				B1FB20DA2DCF2B1C004E78B8 /* GameOverView.swift */,
				B1FB20DB2DCF2B1C004E78B8 /* LaserHitMessageView.swift */,
				B1FB20DC2DCF2B1C004E78B8 /* LaserView.swift */,
				B1FB20DD2DCF2B1C004E78B8 /* LevelUpMessageView.swift */,
				B1FB20DE2DCF2B1C004E78B8 /* PaddleHitEffectView.swift */,
				B1FB20DF2DCF2B1C004E78B8 /* PaddleView.swift */,
				B1FB20E02DCF2B1C004E78B8 /* ScreenFlashView.swift */,
				B1FB20E12DCF2B1C004E78B8 /* Star.swift */,
				B1FB20E22DCF2B1C004E78B8 /* StarComboEffectView.swift */,
				B1FB20E32DCF2B1C004E78B8 /* StarEffectView.swift */,
				B1FB20E42DCF2B1C004E78B8 /* StartMessageView.swift */,
				B1FB20E52DCF2B1C004E78B8 /* TrailShapeView.swift */,
				B1FB20C12DCF1BA5004E78B8 /* Ball.swift */,
				B1FB20C22DCF1BA5004E78B8 /* BallShape.swift */,
				B1FB20C32DCF1BA5004E78B8 /* Block.swift */,
				B1FB20C42DCF1BA5004E78B8 /* DummySoundManager.swift */,
				B1FB20C52DCF1BA5004E78B8 /* GameHint.swift */,
				B1FB20C62DCF1BA5004E78B8 /* Laser.swift */,
				B1FB20C72DCF1BA5004E78B8 /* Paddle.swift */,
				B1FB20BF2DCF0DA3004E78B8 /* GameHints.plist */,
				B1FB20BE2DCF00A7004E78B8 /* Breakout.entitlements */,
				B15C261D2DCDAE7D00E731C9 /* Resources */,
				B15C261E2DCDAE7D00E731C9 /* SoundManager.swift */,
				1A1A1A1A1A1A1A1A1A1A1A19 /* BreakoutApp.swift */,
				1A1A1A1A1A1A1A1A1A1A1A1B /* ContentView.swift */,
				1A1A1A1A1A1A1A1A1A1A1A1D /* GameState.swift */,
				1A1A1A1A1A1A1A1A1A1A1A1F /* GameView.swift */,
			);
			path = Breakout;
			sourceTree = "<group>";
		};
		B15C261C2DCDAE7D00E731C9 /* Sounds */ = {
			isa = PBXGroup;
			children = (
				B15C26152DCDAE7D00E731C9 /* ball_launch.wav */,
				B15C26162DCDAE7D00E731C9 /* block_break.wav */,
				B15C26172DCDAE7D00E731C9 /* combo.wav */,
				B15C26182DCDAE7D00E731C9 /* game_over.wav */,
				B15C26192DCDAE7D00E731C9 /* laser.wav */,
				B15C261A2DCDAE7D00E731C9 /* level_up.wav */,
				B15C261B2DCDAE7D00E731C9 /* paddle_hit.wav */,
			);
			path = Sounds;
			sourceTree = "<group>";
		};
		B15C261D2DCDAE7D00E731C9 /* Resources */ = {
			isa = PBXGroup;
			children = (
				B15C261C2DCDAE7D00E731C9 /* Sounds */,
			);
			path = Resources;
			sourceTree = "<group>";
		};
/* End PBXGroup section */

/* Begin PBXNativeTarget section */
		1A1A1A1A1A1A1A1A1A1A1A16 /* Breakout */ = {
			isa = PBXNativeTarget;
			buildConfigurationList = 1A1A1A1A1A1A1A1A1A1A1A26 /* Build configuration list for PBXNativeTarget "Breakout" */;
			buildPhases = (
				1A1A1A1A1A1A1A1A1A1A1A13 /* Sources */,
				1A1A1A1A1A1A1A1A1A1A1A15 /* Frameworks */,
				1A1A1A1A1A1A1A1A1A1A1A14 /* Resources */,
			);
			buildRules = (
			);
			dependencies = (
			);
			name = Breakout;
			productName = Breakout;
			productReference = 1A1A1A1A1A1A1A1A1A1A1A18 /* Breakout.app */;
			productType = "com.apple.product-type.application";
		};
/* End PBXNativeTarget section */

/* Begin PBXProject section */
		1A1A1A1A1A1A1A1A1A1A1A10 /* Project object */ = {
			isa = PBXProject;
			attributes = {
				BuildIndependentTargetsInParallel = 1;
				LastSwiftUpdateCheck = 1530;
				LastUpgradeCheck = 1630;
				TargetAttributes = {
					1A1A1A1A1A1A1A1A1A1A1A16 = {
						CreatedOnToolsVersion = 15.3;
					};
				};
			};
			buildConfigurationList = 1A1A1A1A1A1A1A1A1A1A1A11 /* Build configuration list for PBXProject "Breakout" */;
			compatibilityVersion = "Xcode 14.0";
			developmentRegion = en;
			hasScannedForEncodings = 0;
			knownRegions = (
				en,
				Base,
			);
			mainGroup = 1A1A1A1A1A1A1A1A1A1A1A0F;
			productRefGroup = 1A1A1A1A1A1A1A1A1A1A1A17 /* Products */;
			projectDirPath = "";
			projectRoot = "";
			targets = (
				1A1A1A1A1A1A1A1A1A1A1A16 /* Breakout */,
			);
		};
/* End PBXProject section */

/* Begin PBXResourcesBuildPhase section */
		1A1A1A1A1A1A1A1A1A1A1A14 /* Resources */ = {
			isa = PBXResourcesBuildPhase;
			buildActionMask = 2147483647;
			files = (
				B15C261F2DCDAE7D00E731C9 /* level_up.wav in Resources */,
				B1FB20C02DCF0DA3004E78B8 /* GameHints.plist in Resources */,
				B15C26202DCDAE7D00E731C9 /* laser.wav in Resources */,
				B15C26212DCDAE7D00E731C9 /* game_over.wav in Resources */,
				B15C26222DCDAE7D00E731C9 /* paddle_hit.wav in Resources */,
				B15C26232DCDAE7D00E731C9 /* combo.wav in Resources */,
				B15C26242DCDAE7D00E731C9 /* ball_launch.wav in Resources */,
				B1FB21042DCF4DA6004E78B8 /* Assets.xcassets in Resources */,
				B15C26252DCDAE7D00E731C9 /* block_break.wav in Resources */,
			);
			runOnlyForDeploymentPostprocessing = 0;
		};
/* End PBXResourcesBuildPhase section */

/* Begin PBXSourcesBuildPhase section */
		1A1A1A1A1A1A1A1A1A1A1A13 /* Sources */ = {
			isa = PBXSourcesBuildPhase;
			buildActionMask = 2147483647;
			files = (
				B1FB20E62DCF2B1C004E78B8 /* GameHintView.swift in Sources */,
				B1FB20FE2DCF2B57004E78B8 /* SparkEffectView.swift in Sources */,
				B1FB20E72DCF2B1C004E78B8 /* PaddleView.swift in Sources */,
				B1FB20E82DCF2B1C004E78B8 /* BallReviveCountdownView.swift in Sources */,
				B1FB20E92DCF2B1C004E78B8 /* BlockReplenishCountdownView.swift in Sources */,
				B1FB20EA2DCF2B1C004E78B8 /* LaserView.swift in Sources */,
				B1FB20EB2DCF2B1C004E78B8 /* BallShapeIconView.swift in Sources */,
				B1FB20EC2DCF2B1C004E78B8 /* StartMessageView.swift in Sources */,
				B1FB20ED2DCF2B1C004E78B8 /* TrailShapeView.swift in Sources */,
				B1FB20EE2DCF2B1C004E78B8 /* GameContentView.swift in Sources */,
				B1FB20EF2DCF2B1C004E78B8 /* StarComboEffectView.swift in Sources */,
				B1FB20F02DCF2B1C004E78B8 /* GameOverView.swift in Sources */,
				B1FB20F12DCF2B1C004E78B8 /* PaddleHitEffectView.swift in Sources */,
				B1FB21002DCF33DE004E78B8 /* AppDelegate.swift in Sources */,
				B1FB20F22DCF2B1C004E78B8 /* ScreenFlashView.swift in Sources */,
				B1FB20F32DCF2B1C004E78B8 /* BallShapeView.swift in Sources */,
				B1FB20F42DCF2B1C004E78B8 /* StarEffectView.swift in Sources */,
				B1FB20F52DCF2B1C004E78B8 /* BlockView.swift in Sources */,
				B1FB20F62DCF2B1C004E78B8 /* Star.swift in Sources */,
				B1FB20F72DCF2B1C004E78B8 /* GameInfoView.swift in Sources */,
				B1FB20F82DCF2B1C004E78B8 /* LaserHitMessageView.swift in Sources */,
				B1FB20F92DCF2B1C004E78B8 /* LevelUpMessageView.swift in Sources */,
				B1FB20FA2DCF2B1C004E78B8 /* AllBallsLostMessageView.swift in Sources */,
				B1FB20FB2DCF2B1C004E78B8 /* BallReviveCountdownsView.swift in Sources */,
				B1FB20FC2DCF2B1C004E78B8 /* BallView.swift in Sources */,
				1A1A1A1A1A1A1A1A1A1A1A1C /* ContentView.swift in Sources */,
				1A1A1A1A1A1A1A1A1A1A1A1E /* GameState.swift in Sources */,
				1A1A1A1A1A1A1A1A1A1A1A20 /* GameView.swift in Sources */,
				B1FB20C82DCF1BA5004E78B8 /* Paddle.swift in Sources */,
				B1FB20C92DCF1BA5004E78B8 /* Ball.swift in Sources */,
				B1FB20CA2DCF1BA5004E78B8 /* Block.swift in Sources */,
				B1FB20CB2DCF1BA5004E78B8 /* Laser.swift in Sources */,
				B1FB20CC2DCF1BA5004E78B8 /* GameHint.swift in Sources */,
				B1FB20CD2DCF1BA5004E78B8 /* BallShape.swift in Sources */,
				B1FB20CE2DCF1BA5004E78B8 /* DummySoundManager.swift in Sources */,
				1A1A1A1A1A1A1A1A1A1A1A1A /* BreakoutApp.swift in Sources */,
				B15C26262DCDAE7D00E731C9 /* SoundManager.swift in Sources */,
			);
			runOnlyForDeploymentPostprocessing = 0;
		};
/* End PBXSourcesBuildPhase section */

/* Begin XCBuildConfiguration section */
		1A1A1A1A1A1A1A1A1A1A1A22 /* Debug */ = {
			isa = XCBuildConfiguration;
			buildSettings = {
				ALWAYS_SEARCH_USER_PATHS = NO;
				ASSETCATALOG_COMPILER_GENERATE_SWIFT_ASSET_SYMBOL_EXTENSIONS = YES;
				CLANG_ANALYZER_NONNULL = YES;
				CLANG_ANALYZER_NUMBER_OBJECT_CONVERSION = YES_AGGRESSIVE;
				CLANG_CXX_LANGUAGE_STANDARD = "gnu++20";
				CLANG_ENABLE_MODULES = YES;
				CLANG_ENABLE_OBJC_ARC = YES;
				CLANG_ENABLE_OBJC_WEAK = YES;
				CLANG_WARN_BLOCK_CAPTURE_AUTORELEASING = YES;
				CLANG_WARN_BOOL_CONVERSION = YES;
				CLANG_WARN_COMMA = YES;
				CLANG_WARN_CONSTANT_CONVERSION = YES;
				CLANG_WARN_DEPRECATED_OBJC_IMPLEMENTATIONS = YES;
				CLANG_WARN_DIRECT_OBJC_ISA_USAGE = YES_ERROR;
				CLANG_WARN_DOCUMENTATION_COMMENTS = YES;
				CLANG_WARN_EMPTY_BODY = YES;
				CLANG_WARN_ENUM_CONVERSION = YES;
				CLANG_WARN_INFINITE_RECURSION = YES;
				CLANG_WARN_INT_CONVERSION = YES;
				CLANG_WARN_NON_LITERAL_NULL_CONVERSION = YES;
				CLANG_WARN_OBJC_IMPLICIT_RETAIN_SELF = YES;
				CLANG_WARN_OBJC_LITERAL_CONVERSION = YES;
				CLANG_WARN_OBJC_ROOT_CLASS = YES_ERROR;
				CLANG_WARN_QUOTED_INCLUDE_IN_FRAMEWORK_HEADER = YES;
				CLANG_WARN_RANGE_LOOP_ANALYSIS = YES;
				CLANG_WARN_STRICT_PROTOTYPES = YES;
				CLANG_WARN_SUSPICIOUS_MOVE = YES;
				CLANG_WARN_UNGUARDED_AVAILABILITY = YES_AGGRESSIVE;
				CLANG_WARN_UNREACHABLE_CODE = YES;
				CLANG_WARN__DUPLICATE_METHOD_MATCH = YES;
				COPY_PHASE_STRIP = NO;
				DEAD_CODE_STRIPPING = YES;
				DEBUG_INFORMATION_FORMAT = dwarf;
				ENABLE_STRICT_OBJC_MSGSEND = YES;
				ENABLE_TESTABILITY = YES;
				ENABLE_USER_SCRIPT_SANDBOXING = YES;
				GCC_C_LANGUAGE_STANDARD = gnu17;
				GCC_DYNAMIC_NO_PIC = NO;
				GCC_NO_COMMON_BLOCKS = YES;
				GCC_OPTIMIZATION_LEVEL = 0;
				GCC_PREPROCESSOR_DEFINITIONS = (
					"DEBUG=1",
					"$(inherited)",
				);
				GCC_WARN_64_TO_32_BIT_CONVERSION = YES;
				GCC_WARN_ABOUT_RETURN_TYPE = YES_ERROR;
				GCC_WARN_UNDECLARED_SELECTOR = YES;
				GCC_WARN_UNINITIALIZED_AUTOS = YES_AGGRESSIVE;
				GCC_WARN_UNUSED_FUNCTION = YES;
				GCC_WARN_UNUSED_VARIABLE = YES;
				LOCALIZATION_PREFERS_STRING_CATALOGS = YES;
				MACOSX_DEPLOYMENT_TARGET = 14.0;
				MTL_ENABLE_DEBUG_INFO = INCLUDE_SOURCE;
				MTL_FAST_MATH = YES;
				ONLY_ACTIVE_ARCH = YES;
				SDKROOT = macosx;
				SWIFT_ACTIVE_COMPILATION_CONDITIONS = "DEBUG $(inherited)";
				SWIFT_OPTIMIZATION_LEVEL = "-Onone";
			};
			name = Debug;
		};
		1A1A1A1A1A1A1A1A1A1A1A23 /* Release */ = {
			isa = XCBuildConfiguration;
			buildSettings = {
				ALWAYS_SEARCH_USER_PATHS = NO;
				ASSETCATALOG_COMPILER_GENERATE_SWIFT_ASSET_SYMBOL_EXTENSIONS = YES;
				CLANG_ANALYZER_NONNULL = YES;
				CLANG_ANALYZER_NUMBER_OBJECT_CONVERSION = YES_AGGRESSIVE;
				CLANG_CXX_LANGUAGE_STANDARD = "gnu++20";
				CLANG_ENABLE_MODULES = YES;
				CLANG_ENABLE_OBJC_ARC = YES;
				CLANG_ENABLE_OBJC_WEAK = YES;
				CLANG_WARN_BLOCK_CAPTURE_AUTORELEASING = YES;
				CLANG_WARN_BOOL_CONVERSION = YES;
				CLANG_WARN_COMMA = YES;
				CLANG_WARN_CONSTANT_CONVERSION = YES;
				CLANG_WARN_DEPRECATED_OBJC_IMPLEMENTATIONS = YES;
				CLANG_WARN_DIRECT_OBJC_ISA_USAGE = YES_ERROR;
				CLANG_WARN_DOCUMENTATION_COMMENTS = YES;
				CLANG_WARN_EMPTY_BODY = YES;
				CLANG_WARN_ENUM_CONVERSION = YES;
				CLANG_WARN_INFINITE_RECURSION = YES;
				CLANG_WARN_INT_CONVERSION = YES;
				CLANG_WARN_NON_LITERAL_NULL_CONVERSION = YES;
				CLANG_WARN_OBJC_IMPLICIT_RETAIN_SELF = YES;
				CLANG_WARN_OBJC_LITERAL_CONVERSION = YES;
				CLANG_WARN_OBJC_ROOT_CLASS = YES_ERROR;
				CLANG_WARN_QUOTED_INCLUDE_IN_FRAMEWORK_HEADER = YES;
				CLANG_WARN_RANGE_LOOP_ANALYSIS = YES;
				CLANG_WARN_STRICT_PROTOTYPES = YES;
				CLANG_WARN_SUSPICIOUS_MOVE = YES;
				CLANG_WARN_UNGUARDED_AVAILABILITY = YES_AGGRESSIVE;
				CLANG_WARN_UNREACHABLE_CODE = YES;
				CLANG_WARN__DUPLICATE_METHOD_MATCH = YES;
				COPY_PHASE_STRIP = NO;
				DEAD_CODE_STRIPPING = YES;
				DEBUG_INFORMATION_FORMAT = "dwarf-with-dsym";
				ENABLE_NS_ASSERTIONS = NO;
				ENABLE_STRICT_OBJC_MSGSEND = YES;
				ENABLE_USER_SCRIPT_SANDBOXING = YES;
				GCC_C_LANGUAGE_STANDARD = gnu17;
				GCC_NO_COMMON_BLOCKS = YES;
				GCC_WARN_64_TO_32_BIT_CONVERSION = YES;
				GCC_WARN_ABOUT_RETURN_TYPE = YES_ERROR;
				GCC_WARN_UNDECLARED_SELECTOR = YES;
				GCC_WARN_UNINITIALIZED_AUTOS = YES_AGGRESSIVE;
				GCC_WARN_UNUSED_FUNCTION = YES;
				GCC_WARN_UNUSED_VARIABLE = YES;
				LOCALIZATION_PREFERS_STRING_CATALOGS = YES;
				MACOSX_DEPLOYMENT_TARGET = 14.0;
				MTL_ENABLE_DEBUG_INFO = NO;
				MTL_FAST_MATH = YES;
				SDKROOT = macosx;
				SWIFT_COMPILATION_MODE = wholemodule;
			};
			name = Release;
		};
		1A1A1A1A1A1A1A1A1A1A1A24 /* Debug */ = {
			isa = XCBuildConfiguration;
			buildSettings = {
				ASSETCATALOG_COMPILER_APPICON_NAME = AppIcon;
				ASSETCATALOG_COMPILER_GLOBAL_ACCENT_COLOR_NAME = AccentColor;
				ASSETCATALOG_COMPILER_INCLUDE_ALL_APPICON_ASSETS = YES;
				CODE_SIGN_ENTITLEMENTS = Breakout/Breakout.entitlements;
				"CODE_SIGN_IDENTITY[sdk=macosx*]" = "Apple Development";
				CODE_SIGN_STYLE = Automatic;
				COMBINE_HIDPI_IMAGES = YES;
				CURRENT_PROJECT_VERSION = 5;
				DEAD_CODE_STRIPPING = YES;
				DEVELOPMENT_ASSET_PATHS = "";
				DEVELOPMENT_TEAM = 89282N6UM7;
				ENABLE_HARDENED_RUNTIME = YES;
				ENABLE_PREVIEWS = YES;
				GENERATE_INFOPLIST_FILE = YES;
				INFOPLIST_FILE = Breakout/Info.plist;
				LD_RUNPATH_SEARCH_PATHS = (
					"$(inherited)",
					"@executable_path/../Frameworks",
				);
				MARKETING_VERSION = 1.4;
				PRODUCT_BUNDLE_IDENTIFIER = com.example.Breakout;
				PRODUCT_NAME = "$(TARGET_NAME)";
				SWIFT_EMIT_LOC_STRINGS = YES;
				SWIFT_VERSION = 6.0;
			};
			name = Debug;
		};
		1A1A1A1A1A1A1A1A1A1A1A25 /* Release */ = {
			isa = XCBuildConfiguration;
			buildSettings = {
				ASSETCATALOG_COMPILER_APPICON_NAME = AppIcon;
				ASSETCATALOG_COMPILER_GLOBAL_ACCENT_COLOR_NAME = AccentColor;
				ASSETCATALOG_COMPILER_INCLUDE_ALL_APPICON_ASSETS = YES;
				CODE_SIGN_ENTITLEMENTS = Breakout/Breakout.entitlements;
				"CODE_SIGN_IDENTITY[sdk=macosx*]" = "Apple Development";
				CODE_SIGN_STYLE = Automatic;
				COMBINE_HIDPI_IMAGES = YES;
				CURRENT_PROJECT_VERSION = 5;
				DEAD_CODE_STRIPPING = YES;
				DEVELOPMENT_ASSET_PATHS = "";
				DEVELOPMENT_TEAM = 89282N6UM7;
				ENABLE_HARDENED_RUNTIME = YES;
				ENABLE_PREVIEWS = YES;
				GENERATE_INFOPLIST_FILE = YES;
				INFOPLIST_FILE = Breakout/Info.plist;
				LD_RUNPATH_SEARCH_PATHS = (
					"$(inherited)",
					"@executable_path/../Frameworks",
				);
				MARKETING_VERSION = 1.4;
				PRODUCT_BUNDLE_IDENTIFIER = com.example.Breakout;
				PRODUCT_NAME = "$(TARGET_NAME)";
				SWIFT_EMIT_LOC_STRINGS = YES;
				SWIFT_VERSION = 6.0;
			};
			name = Release;
		};
/* End XCBuildConfiguration section */

/* Begin XCConfigurationList section */
		1A1A1A1A1A1A1A1A1A1A1A11 /* Build configuration list for PBXProject "Breakout" */ = {
			isa = XCConfigurationList;
			buildConfigurations = (
				1A1A1A1A1A1A1A1A1A1A1A22 /* Debug */,
				1A1A1A1A1A1A1A1A1A1A1A23 /* Release */,
			);
			defaultConfigurationIsVisible = 0;
			defaultConfigurationName = Release;
		};
		1A1A1A1A1A1A1A1A1A1A1A26 /* Build configuration list for PBXNativeTarget "Breakout" */ = {
			isa = XCConfigurationList;
			buildConfigurations = (
				1A1A1A1A1A1A1A1A1A1A1A24 /* Debug */,
				1A1A1A1A1A1A1A1A1A1A1A25 /* Release */,
			);
			defaultConfigurationIsVisible = 0;
			defaultConfigurationName = Release;
		};
/* End XCConfigurationList section */
	};
	rootObject = 1A1A1A1A1A1A1A1A1A1A1A10 /* Project object */;
}
